
Microsoft Visual Studio Solution File, Format Version 12.00
# Visual Studio Version 16
VisualStudioVersion = 16.0.30804.86
MinimumVisualStudioVersion = 10.0.40219.1
Project("{8BC9CEB8-8B4A-11D0-8D11-00A0C91BC942}") = "Recursion", "Recursion\Recursion.vcxproj", "{31858B82-0E2B-405B-A8F4-C4292ACA230A}"
EndProject
Project("{8BC9CEB8-8B4A-11D0-8D11-00A0C91BC942}") = "UnitTest1", "UnitTest1\UnitTest1.vcxproj", "{5E5540E4-9152-42A7-B6F4-40E656A583D3}"
EndProject
Global
	GlobalSection(SolutionConfigurationPlatforms) = preSolution
		Debug|x64 = Debug|x64
		Debug|x86 = Debug|x86
		Release|x64 = Release|x64
		Release|x86 = Release|x86
	EndGlobalSection
	GlobalSection(ProjectConfigurationPlatforms) = postSolution
		{31858B82-0E2B-405B-A8F4-C4292ACA230A}.Debug|x64.ActiveCfg = Debug|x64
		{31858B82-0E2B-405B-A8F4-C4292ACA230A}.Debug|x64.Build.0 = Debug|x64
		{31858B82-0E2B-405B-A8F4-C4292ACA230A}.Debug|x86.ActiveCfg = Debug|Win32
		{31858B82-0E2B-405B-A8F4-C4292ACA230A}.Debug|x86.Build.0 = Debug|Win32
		{31858B82-0E2B-405B-A8F4-C4292ACA230A}.Release|x64.ActiveCfg = Release|x64
		{31858B82-0E2B-405B-A8F4-C4292ACA230A}.Release|x64.Build.0 = Release|x64
		{31858B82-0E2B-405B-A8F4-C4292ACA230A}.Release|x86.ActiveCfg = Release|Win32
		{31858B82-0E2B-405B-A8F4-C4292ACA230A}.Release|x86.Build.0 = Release|Win32
		{5E5540E4-9152-42A7-B6F4-40E656A583D3}.Debug|x64.ActiveCfg = Debug|x64
		{5E5540E4-9152-42A7-B6F4-40E656A583D3}.Debug|x64.Build.0 = Debug|x64
		{5E5540E4-9152-42A7-B6F4-40E656A583D3}.Debug|x86.ActiveCfg = Debug|Win32
		{5E5540E4-9152-42A7-B6F4-40E656A583D3}.Debug|x86.Build.0 = Debug|Win32
		{5E5540E4-9152-42A7-B6F4-40E656A583D3}.Release|x64.ActiveCfg = Release|x64
		{5E5540E4-9152-42A7-B6F4-40E656A583D3}.Release|x64.Build.0 = Release|x64
		{5E5540E4-9152-42A7-B6F4-40E656A583D3}.Release|x86.ActiveCfg = Release|Win32
		{5E5540E4-9152-42A7-B6F4-40E656A583D3}.Release|x86.Build.0 = Release|Win32
	EndGlobalSection
	GlobalSection(SolutionProperties) = preSolution
		HideSolutionNode = FALSE
	EndGlobalSection
	GlobalSection(ExtensibilityGlobals) = postSolution
		SolutionGuid = {D5A082E2-A0F9-44A9-A26C-ADA00C52FEA0}
	EndGlobalSection
EndGlobal
